
Microsoft Visual Studio Solution File, Format Version 12.00
Project("{FAE04EC0-301F-11D3-BF4B-00C04F79EFBC}") = "RetailMarketplace", "RetailMarketplace\src\RetailMarketplace\RetailMarketplace.csproj", "{62670054-8E2B-4AC7-84DF-08A089DE97F6}"
EndProject
Project("{FAE04EC0-301F-11D3-BF4B-00C04F79EFBC}") = "RetailMarketplace.Application.Contracts", "RetailMarketplace\src\Application\RetailMarketplace.Application.Contracts\RetailMarketplace.Application.Contracts.csproj", "{F0A2962C-E38A-4178-887A-FD280B5B6B43}"
EndProject
Project("{FAE04EC0-301F-11D3-BF4B-00C04F79EFBC}") = "RetailMarketplace.Application", "RetailMarketplace\src\Application\RetailMarketplace.Application\RetailMarketplace.Application.csproj", "{96F88D09-CC6D-4500-B59B-EAC128BDF015}"
EndProject
Project("{FAE04EC0-301F-11D3-BF4B-00C04F79EFBC}") = "RetailMarketplace.Application.Models", "RetailMarketplace\src\Application\RetailMarketplace.Application.Models\RetailMarketplace.Application.Models.csproj", "{8C8333DA-7EC6-42FD-9CAB-EF7E5E27DCAF}"
EndProject
Project("{FAE04EC0-301F-11D3-BF4B-00C04F79EFBC}") = "RetailMarketplace.Application.Abstractions", "RetailMarketplace\src\Application\RetailMarketplace.Application.Abstractions\RetailMarketplace.Application.Abstractions.csproj", "{9802394C-D5EF-4E4B-ABFD-904011A26DCE}"
EndProject
Project("{FAE04EC0-301F-11D3-BF4B-00C04F79EFBC}") = "RetailMarketplace.Infrastructure.Persistence", "RetailMarketplace\src\Infrastructure\RetailMarketplace.Infrastructure.Persistence\RetailMarketplace.Infrastructure.Persistence.csproj", "{83A6330C-26B8-45BA-BC9B-1B361395E64C}"
EndProject
Project("{FAE04EC0-301F-11D3-BF4B-00C04F79EFBC}") = "RetailMarketplace.Presentation.Kafka", "RetailMarketplace\src\Presentation\RetailMarketplace.Presentation.Kafka\RetailMarketplace.Presentation.Kafka.csproj", "{244F19DE-80F0-4AB7-A1AD-6F4C02DF7BA4}"
EndProject
Project("{FAE04EC0-301F-11D3-BF4B-00C04F79EFBC}") = "RetailMarketplace.Presentation.Grpc", "RetailMarketplace\src\Presentation\RetailMarketplace.Presentation.Grpc\RetailMarketplace.Presentation.Grpc.csproj", "{D2392993-82B4-43F8-B41F-8F76A0A4BC26}"
EndProject
Global
	GlobalSection(SolutionConfigurationPlatforms) = preSolution
		Debug|Any CPU = Debug|Any CPU
		Release|Any CPU = Release|Any CPU
	EndGlobalSection
	GlobalSection(ProjectConfigurationPlatforms) = postSolution
		{62670054-8E2B-4AC7-84DF-08A089DE97F6}.Debug|Any CPU.ActiveCfg = Debug|Any CPU
		{62670054-8E2B-4AC7-84DF-08A089DE97F6}.Debug|Any CPU.Build.0 = Debug|Any CPU
		{62670054-8E2B-4AC7-84DF-08A089DE97F6}.Release|Any CPU.ActiveCfg = Release|Any CPU
		{62670054-8E2B-4AC7-84DF-08A089DE97F6}.Release|Any CPU.Build.0 = Release|Any CPU
		{F0A2962C-E38A-4178-887A-FD280B5B6B43}.Debug|Any CPU.ActiveCfg = Debug|Any CPU
		{F0A2962C-E38A-4178-887A-FD280B5B6B43}.Debug|Any CPU.Build.0 = Debug|Any CPU
		{F0A2962C-E38A-4178-887A-FD280B5B6B43}.Release|Any CPU.ActiveCfg = Release|Any CPU
		{F0A2962C-E38A-4178-887A-FD280B5B6B43}.Release|Any CPU.Build.0 = Release|Any CPU
		{96F88D09-CC6D-4500-B59B-EAC128BDF015}.Debug|Any CPU.ActiveCfg = Debug|Any CPU
		{96F88D09-CC6D-4500-B59B-EAC128BDF015}.Debug|Any CPU.Build.0 = Debug|Any CPU
		{96F88D09-CC6D-4500-B59B-EAC128BDF015}.Release|Any CPU.ActiveCfg = Release|Any CPU
		{96F88D09-CC6D-4500-B59B-EAC128BDF015}.Release|Any CPU.Build.0 = Release|Any CPU
		{8C8333DA-7EC6-42FD-9CAB-EF7E5E27DCAF}.Debug|Any CPU.ActiveCfg = Debug|Any CPU
		{8C8333DA-7EC6-42FD-9CAB-EF7E5E27DCAF}.Debug|Any CPU.Build.0 = Debug|Any CPU
		{8C8333DA-7EC6-42FD-9CAB-EF7E5E27DCAF}.Release|Any CPU.ActiveCfg = Release|Any CPU
		{8C8333DA-7EC6-42FD-9CAB-EF7E5E27DCAF}.Release|Any CPU.Build.0 = Release|Any CPU
		{9802394C-D5EF-4E4B-ABFD-904011A26DCE}.Debug|Any CPU.ActiveCfg = Debug|Any CPU
		{9802394C-D5EF-4E4B-ABFD-904011A26DCE}.Debug|Any CPU.Build.0 = Debug|Any CPU
		{9802394C-D5EF-4E4B-ABFD-904011A26DCE}.Release|Any CPU.ActiveCfg = Release|Any CPU
		{9802394C-D5EF-4E4B-ABFD-904011A26DCE}.Release|Any CPU.Build.0 = Release|Any CPU
		{83A6330C-26B8-45BA-BC9B-1B361395E64C}.Debug|Any CPU.ActiveCfg = Debug|Any CPU
		{83A6330C-26B8-45BA-BC9B-1B361395E64C}.Debug|Any CPU.Build.0 = Debug|Any CPU
		{83A6330C-26B8-45BA-BC9B-1B361395E64C}.Release|Any CPU.ActiveCfg = Release|Any CPU
		{83A6330C-26B8-45BA-BC9B-1B361395E64C}.Release|Any CPU.Build.0 = Release|Any CPU
		{244F19DE-80F0-4AB7-A1AD-6F4C02DF7BA4}.Debug|Any CPU.ActiveCfg = Debug|Any CPU
		{244F19DE-80F0-4AB7-A1AD-6F4C02DF7BA4}.Debug|Any CPU.Build.0 = Debug|Any CPU
		{244F19DE-80F0-4AB7-A1AD-6F4C02DF7BA4}.Release|Any CPU.ActiveCfg = Release|Any CPU
		{244F19DE-80F0-4AB7-A1AD-6F4C02DF7BA4}.Release|Any CPU.Build.0 = Release|Any CPU
		{D2392993-82B4-43F8-B41F-8F76A0A4BC26}.Debug|Any CPU.ActiveCfg = Debug|Any CPU
		{D2392993-82B4-43F8-B41F-8F76A0A4BC26}.Debug|Any CPU.Build.0 = Debug|Any CPU
		{D2392993-82B4-43F8-B41F-8F76A0A4BC26}.Release|Any CPU.ActiveCfg = Release|Any CPU
		{D2392993-82B4-43F8-B41F-8F76A0A4BC26}.Release|Any CPU.Build.0 = Release|Any CPU
	EndGlobalSection
EndGlobal
